# THIS IS AN AUTOGENERATED FILE. DO NOT EDIT THIS FILE DIRECTLY.
# yarn lockfile v1


ace-builds@1.4.8:
  version "1.4.8"
  resolved "https://registry.yarnpkg.com/ace-builds/-/ace-builds-1.4.8.tgz#d14be41d30294a2a12581f0bcfee4b696481ffdd"
  integrity sha512-8ZVAxwyCGAxQX8mOp9imSXH0hoSPkGfy8igJy+WO/7axL30saRhKgg1XPACSmxxPA7nfHVwM+ShWXT+vKsNuFg==

kotlin@1.3.61:
  version "1.3.61"
  resolved "https://registry.yarnpkg.com/kotlin/-/kotlin-1.3.61.tgz#002694dd38d6f4623a005d496b67542b46cae93f"
  integrity sha512-r4Z8CbbLsHqY/MZcr9ei28gpf4BIu1S6RaQ71RDBHhd0n7ewm3Ai+YWG0g4BsfciuWdl0lyy86ZVbt4etoGZ2g==

"net.akehurst.language-agl-processor@file:../../../../../../net.akehurst.language/.gradle-build/agl-processor/libs/agl-processor-js-3.4.0":
  version "3.4.1"
  dependencies:
    kotlin "1.3.61"

"net.akehurst.language-agl-processor@file:/Users/akehurst/git/net.akehurst.language-github/net.akehurst.language/.gradle-build/agl-processor/libs/agl-processor-js-3.4.0":
  version "3.4.1"
  dependencies:
    kotlin "1.3.61"

"net.akehurst.language.editor-agl-ace@file:../../../../../.gradle-build/net.akehurst.language.editor-agl-ace/webpack":
  version "1.0.0"
  dependencies:
    ace-builds "1.4.8"
    net.akehurst.language-agl-processor "file:../../../../../../net.akehurst.language/.gradle-build/agl-processor/libs/agl-processor-js-3.4.0"
